{
  "sources": {
    "apt": {
      "locked_version": "2.3.0"
    },
    "rsyslog": {
      "locked_version": "1.9.0"
    },
    "sudo": {
      "locked_version": "2.2.2"
    },
    "deis": {
      "locked_version": "0.4.1",
      "git": "https://github.com/nathansamson/deis-cookbook.git",
      "ref": "b7fb2c57b7f7d72a7997c01a4d5618b633bb2cbf"
    }
  }
}
